
Microsoft Visual Studio Solution File, Format Version 12.00
# Visual Studio Version 17
VisualStudioVersion = 17.4.33213.308
MinimumVisualStudioVersion = 10.0.40219.1
Project("{FAE04EC0-301F-11D3-BF4B-00C04F79EFBC}") = "Lab2OOP-2", "Lab2OOP-2\Lab2OOP-2.csproj", "{84F4874F-71E7-413F-9B80-46BCEAC3162A}"
EndProject
Global
	GlobalSection(SolutionConfigurationPlatforms) = preSolution
		Debug|Any CPU = Debug|Any CPU
		Release|Any CPU = Release|Any CPU
	EndGlobalSection
	GlobalSection(ProjectConfigurationPlatforms) = postSolution
		{84F4874F-71E7-413F-9B80-46BCEAC3162A}.Debug|Any CPU.ActiveCfg = Debug|Any CPU
		{84F4874F-71E7-413F-9B80-46BCEAC3162A}.Debug|Any CPU.Build.0 = Debug|Any CPU
		{84F4874F-71E7-413F-9B80-46BCEAC3162A}.Release|Any CPU.ActiveCfg = Release|Any CPU
		{84F4874F-71E7-413F-9B80-46BCEAC3162A}.Release|Any CPU.Build.0 = Release|Any CPU
	EndGlobalSection
	GlobalSection(SolutionProperties) = preSolution
		HideSolutionNode = FALSE
	EndGlobalSection
	GlobalSection(ExtensibilityGlobals) = postSolution
		SolutionGuid = {E431F859-9964-4D13-925A-A78E7DA4A83A}
	EndGlobalSection
EndGlobal
